// !$*UTF8*$!
{
	archiveVersion = 1;
	classes = {
	};
	objectVersion = 54;
	objects = {

/* Begin PBXBuildFile section */
		3E4AB93A2676D86100C79456 /* exploreData.json in Resources */ = {isa = PBXBuildFile; fileRef = 3E4AB9392676D86100C79456 /* exploreData.json */; };
		3E727ED326727088006C11AC /* AppDelegate.swift in Sources */ = {isa = PBXBuildFile; fileRef = 3E727ED226727088006C11AC /* AppDelegate.swift */; };
		3E727ED526727088006C11AC /* SceneDelegate.swift in Sources */ = {isa = PBXBuildFile; fileRef = 3E727ED426727088006C11AC /* SceneDelegate.swift */; };
		3E727EDA26727088006C11AC /* Main.storyboard in Resources */ = {isa = PBXBuildFile; fileRef = 3E727ED826727088006C11AC /* Main.storyboard */; };
		3E727EDC2672708B006C11AC /* Assets.xcassets in Resources */ = {isa = PBXBuildFile; fileRef = 3E727EDB2672708B006C11AC /* Assets.xcassets */; };
		3E727EDF2672708B006C11AC /* LaunchScreen.storyboard in Resources */ = {isa = PBXBuildFile; fileRef = 3E727EDD2672708B006C11AC /* LaunchScreen.storyboard */; };
		3E727EEA2672708B006C11AC /* ANFExploreCardTableViewControllerTests.swift in Sources */ = {isa = PBXBuildFile; fileRef = 3E727EE92672708B006C11AC /* ANFExploreCardTableViewControllerTests.swift */; };
		3E727F03267281F7006C11AC /* ANFExploreCardTableViewController.swift in Sources */ = {isa = PBXBuildFile; fileRef = 3E727F02267281F7006C11AC /* ANFExploreCardTableViewController.swift */; };
		42E354E02D442A7200809A3F /* Promotion.swift in Sources */ = {isa = PBXBuildFile; fileRef = 42E354DF2D442A5300809A3F /* Promotion.swift */; };
		42E354E22D442B9D00809A3F /* PromotionContent.swift in Sources */ = {isa = PBXBuildFile; fileRef = 42E354E12D442B9A00809A3F /* PromotionContent.swift */; };
		42E354E42D442ECE00809A3F /* ExploreContentCell.swift in Sources */ = {isa = PBXBuildFile; fileRef = 42E354E32D442ECE00809A3F /* ExploreContentCell.swift */; };
		42E354E92D443C8900809A3F /* String+Ext.swift in Sources */ = {isa = PBXBuildFile; fileRef = 42E354E82D443C8500809A3F /* String+Ext.swift */; };
		42E354ED2D44461C00809A3F /* PromotionView.swift in Sources */ = {isa = PBXBuildFile; fileRef = 42E354EC2D44461C00809A3F /* PromotionView.swift */; };
		42E354EF2D4446F800809A3F /* ANFImageView.swift in Sources */ = {isa = PBXBuildFile; fileRef = 42E354EE2D4446F800809A3F /* ANFImageView.swift */; };
		42E355182D456F5700809A3F /* BorderedButtonStyle.swift in Sources */ = {isa = PBXBuildFile; fileRef = 42E355172D456F5700809A3F /* BorderedButtonStyle.swift */; };
		42E3551A2D458BA900809A3F /* AttributedText.swift in Sources */ = {isa = PBXBuildFile; fileRef = 42E355192D458BA400809A3F /* AttributedText.swift */; };
		42E355202D46C4F700809A3F /* RESTClient.swift in Sources */ = {isa = PBXBuildFile; fileRef = 42E3551F2D46C4F300809A3F /* RESTClient.swift */; };
		42E355222D46C55E00809A3F /* ANFRequest.swift in Sources */ = {isa = PBXBuildFile; fileRef = 42E355212D46C55400809A3F /* ANFRequest.swift */; };
		42E355242D46C59000809A3F /* ANFRequestMethod.swift in Sources */ = {isa = PBXBuildFile; fileRef = 42E355232D46C57900809A3F /* ANFRequestMethod.swift */; };
		42E355262D46C62C00809A3F /* ANFResponse.swift in Sources */ = {isa = PBXBuildFile; fileRef = 42E355252D46C62900809A3F /* ANFResponse.swift */; };
		42E355282D46C7BB00809A3F /* ANFHosts.swift in Sources */ = {isa = PBXBuildFile; fileRef = 42E355272D46C7B700809A3F /* ANFHosts.swift */; };
		42E3552A2D46C93D00809A3F /* CodeTest-ExploreData.swift in Sources */ = {isa = PBXBuildFile; fileRef = 42E355292D46C92A00809A3F /* CodeTest-ExploreData.swift */; };
		42E3552D2D46CC2000809A3F /* ANFExplore.swift in Sources */ = {isa = PBXBuildFile; fileRef = 42E3552C2D46CC1600809A3F /* ANFExplore.swift */; };
		42E3552F2D46CC3A00809A3F /* ANFDomain.swift in Sources */ = {isa = PBXBuildFile; fileRef = 42E3552E2D46CC3800809A3F /* ANFDomain.swift */; };
		42E355322D46CF9100809A3F /* CodeTestExploreDataResponse.swift in Sources */ = {isa = PBXBuildFile; fileRef = 42E355312D46CF8900809A3F /* CodeTestExploreDataResponse.swift */; };
/* End PBXBuildFile section */

/* Begin PBXContainerItemProxy section */
		3E727EE62672708B006C11AC /* PBXContainerItemProxy */ = {
			isa = PBXContainerItemProxy;
			containerPortal = 3E727EC726727088006C11AC /* Project object */;
			proxyType = 1;
			remoteGlobalIDString = 3E727ECE26727088006C11AC;
			remoteInfo = "ANF Code Test";
		};
/* End PBXContainerItemProxy section */

/* Begin PBXFileReference section */
		3E4AB9392676D86100C79456 /* exploreData.json */ = {isa = PBXFileReference; fileEncoding = 4; lastKnownFileType = text.json; path = exploreData.json; sourceTree = "<group>"; };
		3E727ECF26727088006C11AC /* ANF Code Test.app */ = {isa = PBXFileReference; explicitFileType = wrapper.application; includeInIndex = 0; path = "ANF Code Test.app"; sourceTree = BUILT_PRODUCTS_DIR; };
		3E727ED226727088006C11AC /* AppDelegate.swift */ = {isa = PBXFileReference; lastKnownFileType = sourcecode.swift; path = AppDelegate.swift; sourceTree = "<group>"; };
		3E727ED426727088006C11AC /* SceneDelegate.swift */ = {isa = PBXFileReference; lastKnownFileType = sourcecode.swift; path = SceneDelegate.swift; sourceTree = "<group>"; };
		3E727ED926727088006C11AC /* Base */ = {isa = PBXFileReference; lastKnownFileType = file.storyboard; name = Base; path = Base.lproj/Main.storyboard; sourceTree = "<group>"; };
		3E727EDB2672708B006C11AC /* Assets.xcassets */ = {isa = PBXFileReference; lastKnownFileType = folder.assetcatalog; path = Assets.xcassets; sourceTree = "<group>"; };
		3E727EDE2672708B006C11AC /* Base */ = {isa = PBXFileReference; lastKnownFileType = file.storyboard; name = Base; path = Base.lproj/LaunchScreen.storyboard; sourceTree = "<group>"; };
		3E727EE02672708B006C11AC /* Info.plist */ = {isa = PBXFileReference; lastKnownFileType = text.plist.xml; path = Info.plist; sourceTree = "<group>"; };
		3E727EE52672708B006C11AC /* ANF Code TestTests.xctest */ = {isa = PBXFileReference; explicitFileType = wrapper.cfbundle; includeInIndex = 0; path = "ANF Code TestTests.xctest"; sourceTree = BUILT_PRODUCTS_DIR; };
		3E727EE92672708B006C11AC /* ANFExploreCardTableViewControllerTests.swift */ = {isa = PBXFileReference; lastKnownFileType = sourcecode.swift; path = ANFExploreCardTableViewControllerTests.swift; sourceTree = "<group>"; };
		3E727EEB2672708B006C11AC /* Info.plist */ = {isa = PBXFileReference; lastKnownFileType = text.plist.xml; path = Info.plist; sourceTree = "<group>"; };
		3E727F02267281F7006C11AC /* ANFExploreCardTableViewController.swift */ = {isa = PBXFileReference; lastKnownFileType = sourcecode.swift; path = ANFExploreCardTableViewController.swift; sourceTree = "<group>"; };
		42E354DF2D442A5300809A3F /* Promotion.swift */ = {isa = PBXFileReference; lastKnownFileType = sourcecode.swift; path = Promotion.swift; sourceTree = "<group>"; };
		42E354E12D442B9A00809A3F /* PromotionContent.swift */ = {isa = PBXFileReference; lastKnownFileType = sourcecode.swift; path = PromotionContent.swift; sourceTree = "<group>"; };
		42E354E32D442ECE00809A3F /* ExploreContentCell.swift */ = {isa = PBXFileReference; lastKnownFileType = sourcecode.swift; path = ExploreContentCell.swift; sourceTree = "<group>"; };
		42E354E82D443C8500809A3F /* String+Ext.swift */ = {isa = PBXFileReference; lastKnownFileType = sourcecode.swift; path = "String+Ext.swift"; sourceTree = "<group>"; };
		42E354EC2D44461C00809A3F /* PromotionView.swift */ = {isa = PBXFileReference; lastKnownFileType = sourcecode.swift; path = PromotionView.swift; sourceTree = "<group>"; };
		42E354EE2D4446F800809A3F /* ANFImageView.swift */ = {isa = PBXFileReference; lastKnownFileType = sourcecode.swift; path = ANFImageView.swift; sourceTree = "<group>"; };
		42E355172D456F5700809A3F /* BorderedButtonStyle.swift */ = {isa = PBXFileReference; lastKnownFileType = sourcecode.swift; path = BorderedButtonStyle.swift; sourceTree = "<group>"; };
		42E355192D458BA400809A3F /* AttributedText.swift */ = {isa = PBXFileReference; lastKnownFileType = sourcecode.swift; path = AttributedText.swift; sourceTree = "<group>"; };
		42E3551F2D46C4F300809A3F /* RESTClient.swift */ = {isa = PBXFileReference; lastKnownFileType = sourcecode.swift; path = RESTClient.swift; sourceTree = "<group>"; };
		42E355212D46C55400809A3F /* ANFRequest.swift */ = {isa = PBXFileReference; lastKnownFileType = sourcecode.swift; path = ANFRequest.swift; sourceTree = "<group>"; };
		42E355232D46C57900809A3F /* ANFRequestMethod.swift */ = {isa = PBXFileReference; lastKnownFileType = sourcecode.swift; path = ANFRequestMethod.swift; sourceTree = "<group>"; };
		42E355252D46C62900809A3F /* ANFResponse.swift */ = {isa = PBXFileReference; lastKnownFileType = sourcecode.swift; path = ANFResponse.swift; sourceTree = "<group>"; };
		42E355272D46C7B700809A3F /* ANFHosts.swift */ = {isa = PBXFileReference; lastKnownFileType = sourcecode.swift; path = ANFHosts.swift; sourceTree = "<group>"; };
		42E355292D46C92A00809A3F /* CodeTest-ExploreData.swift */ = {isa = PBXFileReference; lastKnownFileType = sourcecode.swift; path = "CodeTest-ExploreData.swift"; sourceTree = "<group>"; };
		42E3552C2D46CC1600809A3F /* ANFExplore.swift */ = {isa = PBXFileReference; lastKnownFileType = sourcecode.swift; path = ANFExplore.swift; sourceTree = "<group>"; };
		42E3552E2D46CC3800809A3F /* ANFDomain.swift */ = {isa = PBXFileReference; lastKnownFileType = sourcecode.swift; path = ANFDomain.swift; sourceTree = "<group>"; };
		42E355312D46CF8900809A3F /* CodeTestExploreDataResponse.swift */ = {isa = PBXFileReference; lastKnownFileType = sourcecode.swift; path = CodeTestExploreDataResponse.swift; sourceTree = "<group>"; };
/* End PBXFileReference section */

/* Begin PBXFrameworksBuildPhase section */
		3E727ECC26727088006C11AC /* Frameworks */ = {
			isa = PBXFrameworksBuildPhase;
			buildActionMask = 2147483647;
			files = (
			);
			runOnlyForDeploymentPostprocessing = 0;
		};
		3E727EE22672708B006C11AC /* Frameworks */ = {
			isa = PBXFrameworksBuildPhase;
			buildActionMask = 2147483647;
			files = (
			);
			runOnlyForDeploymentPostprocessing = 0;
		};
/* End PBXFrameworksBuildPhase section */

/* Begin PBXGroup section */
		3E727EC626727088006C11AC = {
			isa = PBXGroup;
			children = (
				3E727ED126727088006C11AC /* ANF Code Test */,
				3E727EE82672708B006C11AC /* ANF Code TestTests */,
				3E727ED026727088006C11AC /* Products */,
			);
			sourceTree = "<group>";
		};
		3E727ED026727088006C11AC /* Products */ = {
			isa = PBXGroup;
			children = (
				3E727ECF26727088006C11AC /* ANF Code Test.app */,
				3E727EE52672708B006C11AC /* ANF Code TestTests.xctest */,
			);
			name = Products;
			sourceTree = "<group>";
		};
		3E727ED126727088006C11AC /* ANF Code Test */ = {
			isa = PBXGroup;
			children = (
				42E354E72D443C7E00809A3F /* Utilities */,
				42E354E52D442F5500809A3F /* Views */,
				42E354DE2D442A3600809A3F /* ViewModels */,
				42E354DD2D442A2100809A3F /* Models */,
				3E727ED226727088006C11AC /* AppDelegate.swift */,
				3E727ED426727088006C11AC /* SceneDelegate.swift */,
				3E727ED826727088006C11AC /* Main.storyboard */,
				3E727EDB2672708B006C11AC /* Assets.xcassets */,
				3E727EDD2672708B006C11AC /* LaunchScreen.storyboard */,
				3E727EE02672708B006C11AC /* Info.plist */,
				3E4AB9392676D86100C79456 /* exploreData.json */,
			);
			path = "ANF Code Test";
			sourceTree = "<group>";
		};
		3E727EE82672708B006C11AC /* ANF Code TestTests */ = {
			isa = PBXGroup;
			children = (
				3E727EE92672708B006C11AC /* ANFExploreCardTableViewControllerTests.swift */,
				3E727EEB2672708B006C11AC /* Info.plist */,
			);
			path = "ANF Code TestTests";
			sourceTree = "<group>";
		};
		42E354DD2D442A2100809A3F /* Models */ = {
			isa = PBXGroup;
			children = (
				42E3551C2D46C49D00809A3F /* API */,
				42E354E12D442B9A00809A3F /* PromotionContent.swift */,
				42E354DF2D442A5300809A3F /* Promotion.swift */,
			);
			path = Models;
			sourceTree = "<group>";
		};
		42E354DE2D442A3600809A3F /* ViewModels */ = {
			isa = PBXGroup;
			children = (
			);
			path = ViewModels;
			sourceTree = "<group>";
		};
		42E354E52D442F5500809A3F /* Views */ = {
			isa = PBXGroup;
			children = (
				42E355142D456C8400809A3F /* Buttons */,
				42E354E62D4432D100809A3F /* Cells */,
				3E727F02267281F7006C11AC /* ANFExploreCardTableViewController.swift */,
				42E354EE2D4446F800809A3F /* ANFImageView.swift */,
			);
			path = Views;
			sourceTree = "<group>";
		};
		42E354E62D4432D100809A3F /* Cells */ = {
			isa = PBXGroup;
			children = (
				42E354E32D442ECE00809A3F /* ExploreContentCell.swift */,
				42E354EC2D44461C00809A3F /* PromotionView.swift */,
			);
			path = Cells;
			sourceTree = "<group>";
		};
		42E354E72D443C7E00809A3F /* Utilities */ = {
			isa = PBXGroup;
			children = (
				42E355192D458BA400809A3F /* AttributedText.swift */,
				42E354E82D443C8500809A3F /* String+Ext.swift */,
			);
			path = Utilities;
			sourceTree = "<group>";
		};
		42E355142D456C8400809A3F /* Buttons */ = {
			isa = PBXGroup;
			children = (
				42E355172D456F5700809A3F /* BorderedButtonStyle.swift */,
			);
			path = Buttons;
			sourceTree = "<group>";
		};
		42E3551C2D46C49D00809A3F /* API */ = {
			isa = PBXGroup;
			children = (
				42E355302D46CF7100809A3F /* Responses */,
				42E3552B2D46CC0D00809A3F /* Domains */,
				42E3551E2D46C4E400809A3F /* Requests */,
				42E3551D2D46C4D900809A3F /* REST Client */,
			);
			path = API;
			sourceTree = "<group>";
		};
		42E3551D2D46C4D900809A3F /* REST Client */ = {
			isa = PBXGroup;
			children = (
				42E355272D46C7B700809A3F /* ANFHosts.swift */,
				42E355232D46C57900809A3F /* ANFRequestMethod.swift */,
				42E355212D46C55400809A3F /* ANFRequest.swift */,
				42E3551F2D46C4F300809A3F /* RESTClient.swift */,
			);
			path = "REST Client";
			sourceTree = "<group>";
		};
		42E3551E2D46C4E400809A3F /* Requests */ = {
			isa = PBXGroup;
			children = (
				42E355292D46C92A00809A3F /* CodeTest-ExploreData.swift */,
			);
			path = Requests;
			sourceTree = "<group>";
		};
		42E3552B2D46CC0D00809A3F /* Domains */ = {
			isa = PBXGroup;
			children = (
				42E3552E2D46CC3800809A3F /* ANFDomain.swift */,
				42E3552C2D46CC1600809A3F /* ANFExplore.swift */,
			);
			path = Domains;
			sourceTree = "<group>";
		};
		42E355302D46CF7100809A3F /* Responses */ = {
			isa = PBXGroup;
			children = (
				42E355312D46CF8900809A3F /* CodeTestExploreDataResponse.swift */,
				42E355252D46C62900809A3F /* ANFResponse.swift */,
			);
			path = Responses;
			sourceTree = "<group>";
		};
/* End PBXGroup section */

/* Begin PBXNativeTarget section */
		3E727ECE26727088006C11AC /* ANF Code Test */ = {
			isa = PBXNativeTarget;
			buildConfigurationList = 3E727EF92672708B006C11AC /* Build configuration list for PBXNativeTarget "ANF Code Test" */;
			buildPhases = (
				3E727ECB26727088006C11AC /* Sources */,
				3E727ECC26727088006C11AC /* Frameworks */,
				3E727ECD26727088006C11AC /* Resources */,
			);
			buildRules = (
			);
			dependencies = (
			);
			name = "ANF Code Test";
			productName = "ANF Code Test";
			productReference = 3E727ECF26727088006C11AC /* ANF Code Test.app */;
			productType = "com.apple.product-type.application";
		};
		3E727EE42672708B006C11AC /* ANF Code TestTests */ = {
			isa = PBXNativeTarget;
			buildConfigurationList = 3E727EFC2672708B006C11AC /* Build configuration list for PBXNativeTarget "ANF Code TestTests" */;
			buildPhases = (
				3E727EE12672708B006C11AC /* Sources */,
				3E727EE22672708B006C11AC /* Frameworks */,
				3E727EE32672708B006C11AC /* Resources */,
			);
			buildRules = (
			);
			dependencies = (
				3E727EE72672708B006C11AC /* PBXTargetDependency */,
			);
			name = "ANF Code TestTests";
			productName = "ANF Code TestTests";
			productReference = 3E727EE52672708B006C11AC /* ANF Code TestTests.xctest */;
			productType = "com.apple.product-type.bundle.unit-test";
		};
/* End PBXNativeTarget section */

/* Begin PBXProject section */
		3E727EC726727088006C11AC /* Project object */ = {
			isa = PBXProject;
			attributes = {
				BuildIndependentTargetsInParallel = YES;
				LastSwiftUpdateCheck = 1250;
				LastUpgradeCheck = 1620;
				TargetAttributes = {
					3E727ECE26727088006C11AC = {
						CreatedOnToolsVersion = 12.5;
					};
					3E727EE42672708B006C11AC = {
						CreatedOnToolsVersion = 12.5;
						TestTargetID = 3E727ECE26727088006C11AC;
					};
				};
			};
			buildConfigurationList = 3E727ECA26727088006C11AC /* Build configuration list for PBXProject "ANF Code Test" */;
			compatibilityVersion = "Xcode 9.3";
			developmentRegion = en;
			hasScannedForEncodings = 0;
			knownRegions = (
				en,
				Base,
			);
			mainGroup = 3E727EC626727088006C11AC;
			productRefGroup = 3E727ED026727088006C11AC /* Products */;
			projectDirPath = "";
			projectRoot = "";
			targets = (
				3E727ECE26727088006C11AC /* ANF Code Test */,
				3E727EE42672708B006C11AC /* ANF Code TestTests */,
			);
		};
/* End PBXProject section */

/* Begin PBXResourcesBuildPhase section */
		3E727ECD26727088006C11AC /* Resources */ = {
			isa = PBXResourcesBuildPhase;
			buildActionMask = 2147483647;
			files = (
				3E727EDF2672708B006C11AC /* LaunchScreen.storyboard in Resources */,
				3E727EDC2672708B006C11AC /* Assets.xcassets in Resources */,
				3E727EDA26727088006C11AC /* Main.storyboard in Resources */,
				3E4AB93A2676D86100C79456 /* exploreData.json in Resources */,
			);
			runOnlyForDeploymentPostprocessing = 0;
		};
		3E727EE32672708B006C11AC /* Resources */ = {
			isa = PBXResourcesBuildPhase;
			buildActionMask = 2147483647;
			files = (
			);
			runOnlyForDeploymentPostprocessing = 0;
		};
/* End PBXResourcesBuildPhase section */

/* Begin PBXSourcesBuildPhase section */
		3E727ECB26727088006C11AC /* Sources */ = {
			isa = PBXSourcesBuildPhase;
			buildActionMask = 2147483647;
			files = (
				42E3552A2D46C93D00809A3F /* CodeTest-ExploreData.swift in Sources */,
				42E3551A2D458BA900809A3F /* AttributedText.swift in Sources */,
				42E354ED2D44461C00809A3F /* PromotionView.swift in Sources */,
				3E727F03267281F7006C11AC /* ANFExploreCardTableViewController.swift in Sources */,
				42E354EF2D4446F800809A3F /* ANFImageView.swift in Sources */,
				42E3552F2D46CC3A00809A3F /* ANFDomain.swift in Sources */,
				42E355202D46C4F700809A3F /* RESTClient.swift in Sources */,
				42E354E92D443C8900809A3F /* String+Ext.swift in Sources */,
				42E355182D456F5700809A3F /* BorderedButtonStyle.swift in Sources */,
				42E355322D46CF9100809A3F /* CodeTestExploreDataResponse.swift in Sources */,
				42E354E22D442B9D00809A3F /* PromotionContent.swift in Sources */,
				42E355242D46C59000809A3F /* ANFRequestMethod.swift in Sources */,
				42E354E02D442A7200809A3F /* Promotion.swift in Sources */,
				42E3552D2D46CC2000809A3F /* ANFExplore.swift in Sources */,
				42E355262D46C62C00809A3F /* ANFResponse.swift in Sources */,
				42E355222D46C55E00809A3F /* ANFRequest.swift in Sources */,
				3E727ED326727088006C11AC /* AppDelegate.swift in Sources */,
				3E727ED526727088006C11AC /* SceneDelegate.swift in Sources */,
				42E354E42D442ECE00809A3F /* ExploreContentCell.swift in Sources */,
				42E355282D46C7BB00809A3F /* ANFHosts.swift in Sources */,
			);
			runOnlyForDeploymentPostprocessing = 0;
		};
		3E727EE12672708B006C11AC /* Sources */ = {
			isa = PBXSourcesBuildPhase;
			buildActionMask = 2147483647;
			files = (
				3E727EEA2672708B006C11AC /* ANFExploreCardTableViewControllerTests.swift in Sources */,
			);
			runOnlyForDeploymentPostprocessing = 0;
		};
/* End PBXSourcesBuildPhase section */

/* Begin PBXTargetDependency section */
		3E727EE72672708B006C11AC /* PBXTargetDependency */ = {
			isa = PBXTargetDependency;
			target = 3E727ECE26727088006C11AC /* ANF Code Test */;
			targetProxy = 3E727EE62672708B006C11AC /* PBXContainerItemProxy */;
		};
/* End PBXTargetDependency section */

/* Begin PBXVariantGroup section */
		3E727ED826727088006C11AC /* Main.storyboard */ = {
			isa = PBXVariantGroup;
			children = (
				3E727ED926727088006C11AC /* Base */,
			);
			name = Main.storyboard;
			sourceTree = "<group>";
		};
		3E727EDD2672708B006C11AC /* LaunchScreen.storyboard */ = {
			isa = PBXVariantGroup;
			children = (
				3E727EDE2672708B006C11AC /* Base */,
			);
			name = LaunchScreen.storyboard;
			sourceTree = "<group>";
		};
/* End PBXVariantGroup section */

/* Begin XCBuildConfiguration section */
		3E727EF72672708B006C11AC /* Debug */ = {
			isa = XCBuildConfiguration;
			buildSettings = {
				ALWAYS_SEARCH_USER_PATHS = NO;
				CLANG_ANALYZER_NONNULL = YES;
				CLANG_ANALYZER_NUMBER_OBJECT_CONVERSION = YES_AGGRESSIVE;
				CLANG_CXX_LANGUAGE_STANDARD = "gnu++14";
				CLANG_CXX_LIBRARY = "libc++";
				CLANG_ENABLE_MODULES = YES;
				CLANG_ENABLE_OBJC_ARC = YES;
				CLANG_ENABLE_OBJC_WEAK = YES;
				CLANG_WARN_BLOCK_CAPTURE_AUTORELEASING = YES;
				CLANG_WARN_BOOL_CONVERSION = YES;
				CLANG_WARN_COMMA = YES;
				CLANG_WARN_CONSTANT_CONVERSION = YES;
				CLANG_WARN_DEPRECATED_OBJC_IMPLEMENTATIONS = YES;
				CLANG_WARN_DIRECT_OBJC_ISA_USAGE = YES_ERROR;
				CLANG_WARN_DOCUMENTATION_COMMENTS = YES;
				CLANG_WARN_EMPTY_BODY = YES;
				CLANG_WARN_ENUM_CONVERSION = YES;
				CLANG_WARN_INFINITE_RECURSION = YES;
				CLANG_WARN_INT_CONVERSION = YES;
				CLANG_WARN_NON_LITERAL_NULL_CONVERSION = YES;
				CLANG_WARN_OBJC_IMPLICIT_RETAIN_SELF = YES;
				CLANG_WARN_OBJC_LITERAL_CONVERSION = YES;
				CLANG_WARN_OBJC_ROOT_CLASS = YES_ERROR;
				CLANG_WARN_QUOTED_INCLUDE_IN_FRAMEWORK_HEADER = YES;
				CLANG_WARN_RANGE_LOOP_ANALYSIS = YES;
				CLANG_WARN_STRICT_PROTOTYPES = YES;
				CLANG_WARN_SUSPICIOUS_MOVE = YES;
				CLANG_WARN_UNGUARDED_AVAILABILITY = YES_AGGRESSIVE;
				CLANG_WARN_UNREACHABLE_CODE = YES;
				CLANG_WARN__DUPLICATE_METHOD_MATCH = YES;
				CODE_SIGN_IDENTITY = "Apple Development";
				COPY_PHASE_STRIP = NO;
				DEBUG_INFORMATION_FORMAT = dwarf;
				ENABLE_STRICT_OBJC_MSGSEND = YES;
				ENABLE_TESTABILITY = YES;
				ENABLE_USER_SCRIPT_SANDBOXING = YES;
				GCC_C_LANGUAGE_STANDARD = gnu11;
				GCC_DYNAMIC_NO_PIC = NO;
				GCC_NO_COMMON_BLOCKS = YES;
				GCC_OPTIMIZATION_LEVEL = 0;
				GCC_PREPROCESSOR_DEFINITIONS = (
					"DEBUG=1",
					"$(inherited)",
				);
				GCC_WARN_64_TO_32_BIT_CONVERSION = YES;
				GCC_WARN_ABOUT_RETURN_TYPE = YES_ERROR;
				GCC_WARN_UNDECLARED_SELECTOR = YES;
				GCC_WARN_UNINITIALIZED_AUTOS = YES_AGGRESSIVE;
				GCC_WARN_UNUSED_FUNCTION = YES;
				GCC_WARN_UNUSED_VARIABLE = YES;
				IPHONEOS_DEPLOYMENT_TARGET = 14.5;
				MTL_ENABLE_DEBUG_INFO = INCLUDE_SOURCE;
				MTL_FAST_MATH = YES;
				ONLY_ACTIVE_ARCH = YES;
				SDKROOT = iphoneos;
				SWIFT_ACTIVE_COMPILATION_CONDITIONS = DEBUG;
				SWIFT_OPTIMIZATION_LEVEL = "-Onone";
			};
			name = Debug;
		};
		3E727EF82672708B006C11AC /* Release */ = {
			isa = XCBuildConfiguration;
			buildSettings = {
				ALWAYS_SEARCH_USER_PATHS = NO;
				CLANG_ANALYZER_NONNULL = YES;
				CLANG_ANALYZER_NUMBER_OBJECT_CONVERSION = YES_AGGRESSIVE;
				CLANG_CXX_LANGUAGE_STANDARD = "gnu++14";
				CLANG_CXX_LIBRARY = "libc++";
				CLANG_ENABLE_MODULES = YES;
				CLANG_ENABLE_OBJC_ARC = YES;
				CLANG_ENABLE_OBJC_WEAK = YES;
				CLANG_WARN_BLOCK_CAPTURE_AUTORELEASING = YES;
				CLANG_WARN_BOOL_CONVERSION = YES;
				CLANG_WARN_COMMA = YES;
				CLANG_WARN_CONSTANT_CONVERSION = YES;
				CLANG_WARN_DEPRECATED_OBJC_IMPLEMENTATIONS = YES;
				CLANG_WARN_DIRECT_OBJC_ISA_USAGE = YES_ERROR;
				CLANG_WARN_DOCUMENTATION_COMMENTS = YES;
				CLANG_WARN_EMPTY_BODY = YES;
				CLANG_WARN_ENUM_CONVERSION = YES;
				CLANG_WARN_INFINITE_RECURSION = YES;
				CLANG_WARN_INT_CONVERSION = YES;
				CLANG_WARN_NON_LITERAL_NULL_CONVERSION = YES;
				CLANG_WARN_OBJC_IMPLICIT_RETAIN_SELF = YES;
				CLANG_WARN_OBJC_LITERAL_CONVERSION = YES;
				CLANG_WARN_OBJC_ROOT_CLASS = YES_ERROR;
				CLANG_WARN_QUOTED_INCLUDE_IN_FRAMEWORK_HEADER = YES;
				CLANG_WARN_RANGE_LOOP_ANALYSIS = YES;
				CLANG_WARN_STRICT_PROTOTYPES = YES;
				CLANG_WARN_SUSPICIOUS_MOVE = YES;
				CLANG_WARN_UNGUARDED_AVAILABILITY = YES_AGGRESSIVE;
				CLANG_WARN_UNREACHABLE_CODE = YES;
				CLANG_WARN__DUPLICATE_METHOD_MATCH = YES;
				CODE_SIGN_IDENTITY = "Apple Development";
				COPY_PHASE_STRIP = NO;
				DEBUG_INFORMATION_FORMAT = "dwarf-with-dsym";
				ENABLE_NS_ASSERTIONS = NO;
				ENABLE_STRICT_OBJC_MSGSEND = YES;
				ENABLE_USER_SCRIPT_SANDBOXING = YES;
				GCC_C_LANGUAGE_STANDARD = gnu11;
				GCC_NO_COMMON_BLOCKS = YES;
				GCC_WARN_64_TO_32_BIT_CONVERSION = YES;
				GCC_WARN_ABOUT_RETURN_TYPE = YES_ERROR;
				GCC_WARN_UNDECLARED_SELECTOR = YES;
				GCC_WARN_UNINITIALIZED_AUTOS = YES_AGGRESSIVE;
				GCC_WARN_UNUSED_FUNCTION = YES;
				GCC_WARN_UNUSED_VARIABLE = YES;
				IPHONEOS_DEPLOYMENT_TARGET = 14.5;
				MTL_ENABLE_DEBUG_INFO = NO;
				MTL_FAST_MATH = YES;
				SDKROOT = iphoneos;
				SWIFT_COMPILATION_MODE = wholemodule;
				SWIFT_OPTIMIZATION_LEVEL = "-O";
				VALIDATE_PRODUCT = YES;
			};
			name = Release;
		};
		3E727EFA2672708B006C11AC /* Debug */ = {
			isa = XCBuildConfiguration;
			buildSettings = {
				ASSETCATALOG_COMPILER_APPICON_NAME = AppIcon;
				ASSETCATALOG_COMPILER_GLOBAL_ACCENT_COLOR_NAME = AccentColor;
				CODE_SIGN_IDENTITY = "Apple Development";
				CODE_SIGN_STYLE = Automatic;
				DEVELOPMENT_TEAM = HSA2LNH32G;
				INFOPLIST_FILE = "ANF Code Test/Info.plist";
				LD_RUNPATH_SEARCH_PATHS = (
					"$(inherited)",
					"@executable_path/Frameworks",
				);
				PRODUCT_BUNDLE_IDENTIFIER = "com.abercrombie.ANF-Code-Test";
				PRODUCT_NAME = "$(TARGET_NAME)";
				PROVISIONING_PROFILE_SPECIFIER = "";
				SWIFT_VERSION = 5.0;
				TARGETED_DEVICE_FAMILY = 1;
			};
			name = Debug;
		};
		3E727EFB2672708B006C11AC /* Release */ = {
			isa = XCBuildConfiguration;
			buildSettings = {
				ASSETCATALOG_COMPILER_APPICON_NAME = AppIcon;
				ASSETCATALOG_COMPILER_GLOBAL_ACCENT_COLOR_NAME = AccentColor;
				CODE_SIGN_IDENTITY = "Apple Development";
				CODE_SIGN_STYLE = Automatic;
				DEVELOPMENT_TEAM = HSA2LNH32G;
				INFOPLIST_FILE = "ANF Code Test/Info.plist";
				LD_RUNPATH_SEARCH_PATHS = (
					"$(inherited)",
					"@executable_path/Frameworks",
				);
				PRODUCT_BUNDLE_IDENTIFIER = "com.abercrombie.ANF-Code-Test";
				PRODUCT_NAME = "$(TARGET_NAME)";
				PROVISIONING_PROFILE_SPECIFIER = "";
				SWIFT_VERSION = 5.0;
				TARGETED_DEVICE_FAMILY = 1;
			};
			name = Release;
		};
		3E727EFD2672708B006C11AC /* Debug */ = {
			isa = XCBuildConfiguration;
			buildSettings = {
				BUNDLE_LOADER = "$(TEST_HOST)";
				"CODE_SIGN_IDENTITY[sdk=macosx*]" = "-";
				CODE_SIGN_STYLE = Automatic;
				INFOPLIST_FILE = "ANF Code TestTests/Info.plist";
				IPHONEOS_DEPLOYMENT_TARGET = 14.5;
				LD_RUNPATH_SEARCH_PATHS = (
					"$(inherited)",
					"@executable_path/Frameworks",
					"@loader_path/Frameworks",
				);
				PRODUCT_BUNDLE_IDENTIFIER = "com.abercrombie.ANF-Code-TestTests";
				PRODUCT_NAME = "$(TARGET_NAME)";
				SWIFT_VERSION = 5.0;
				TARGETED_DEVICE_FAMILY = "1,2";
				TEST_HOST = "$(BUILT_PRODUCTS_DIR)/ANF Code Test.app/ANF Code Test";
			};
			name = Debug;
		};
		3E727EFE2672708B006C11AC /* Release */ = {
			isa = XCBuildConfiguration;
			buildSettings = {
				BUNDLE_LOADER = "$(TEST_HOST)";
				"CODE_SIGN_IDENTITY[sdk=macosx*]" = "-";
				CODE_SIGN_STYLE = Automatic;
				INFOPLIST_FILE = "ANF Code TestTests/Info.plist";
				IPHONEOS_DEPLOYMENT_TARGET = 14.5;
				LD_RUNPATH_SEARCH_PATHS = (
					"$(inherited)",
					"@executable_path/Frameworks",
					"@loader_path/Frameworks",
				);
				PRODUCT_BUNDLE_IDENTIFIER = "com.abercrombie.ANF-Code-TestTests";
				PRODUCT_NAME = "$(TARGET_NAME)";
				SWIFT_VERSION = 5.0;
				TARGETED_DEVICE_FAMILY = "1,2";
				TEST_HOST = "$(BUILT_PRODUCTS_DIR)/ANF Code Test.app/ANF Code Test";
			};
			name = Release;
		};
/* End XCBuildConfiguration section */

/* Begin XCConfigurationList section */
		3E727ECA26727088006C11AC /* Build configuration list for PBXProject "ANF Code Test" */ = {
			isa = XCConfigurationList;
			buildConfigurations = (
				3E727EF72672708B006C11AC /* Debug */,
				3E727EF82672708B006C11AC /* Release */,
			);
			defaultConfigurationIsVisible = 0;
			defaultConfigurationName = Release;
		};
		3E727EF92672708B006C11AC /* Build configuration list for PBXNativeTarget "ANF Code Test" */ = {
			isa = XCConfigurationList;
			buildConfigurations = (
				3E727EFA2672708B006C11AC /* Debug */,
				3E727EFB2672708B006C11AC /* Release */,
			);
			defaultConfigurationIsVisible = 0;
			defaultConfigurationName = Release;
		};
		3E727EFC2672708B006C11AC /* Build configuration list for PBXNativeTarget "ANF Code TestTests" */ = {
			isa = XCConfigurationList;
			buildConfigurations = (
				3E727EFD2672708B006C11AC /* Debug */,
				3E727EFE2672708B006C11AC /* Release */,
			);
			defaultConfigurationIsVisible = 0;
			defaultConfigurationName = Release;
		};
/* End XCConfigurationList section */
	};
	rootObject = 3E727EC726727088006C11AC /* Project object */;
}
